
Microsoft Visual Studio Solution File, Format Version 12.00
# Visual Studio Version 16
VisualStudioVersion = 16.0.28407.52
MinimumVisualStudioVersion = 10.0.40219.1
Project("{FAE04EC0-301F-11D3-BF4B-00C04F79EFBC}") = "The_xUnitGenerator", "The_xUnitGenerator\The_xUnitGenerator.csproj", "{FBC76B10-5C97-4C96-BEC4-F22F8A9DB235}"
EndProject
Global
	GlobalSection(SolutionConfigurationPlatforms) = preSolution
		Debug|Any CPU = Debug|Any CPU
		Release|Any CPU = Release|Any CPU
	EndGlobalSection
	GlobalSection(ProjectConfigurationPlatforms) = postSolution
		{FBC76B10-5C97-4C96-BEC4-F22F8A9DB235}.Debug|Any CPU.ActiveCfg = Debug|Any CPU
		{FBC76B10-5C97-4C96-BEC4-F22F8A9DB235}.Debug|Any CPU.Build.0 = Debug|Any CPU
		{FBC76B10-5C97-4C96-BEC4-F22F8A9DB235}.Release|Any CPU.ActiveCfg = Release|Any CPU
		{FBC76B10-5C97-4C96-BEC4-F22F8A9DB235}.Release|Any CPU.Build.0 = Release|Any CPU
	EndGlobalSection
	GlobalSection(SolutionProperties) = preSolution
		HideSolutionNode = FALSE
	EndGlobalSection
	GlobalSection(ExtensibilityGlobals) = postSolution
		SolutionGuid = {53A608E6-49EE-429F-B52D-429E708E4134}
	EndGlobalSection
EndGlobal
